
Microsoft Visual Studio Solution File, Format Version 12.00
# Visual Studio Version 17
VisualStudioVersion = 17.3.32804.467
MinimumVisualStudioVersion = 10.0.40219.1
Project("{9A19103F-16F7-4668-BE54-9A1E7A4F7556}") = "DataAccess", "DataAccess\DataAccess.csproj", "{943E0836-E040-447D-884A-8A4760918034}"
EndProject
Project("{9A19103F-16F7-4668-BE54-9A1E7A4F7556}") = "Business", "Business\Business.csproj", "{F2A70070-8ECC-44E4-9B5B-3400E2306CFA}"
EndProject
Project("{9A19103F-16F7-4668-BE54-9A1E7A4F7556}") = "Entities", "Entities\Entities.csproj", "{BC6CFE53-0EF7-4D10-8A96-E0C3F7B0DBEA}"
EndProject
Project("{9A19103F-16F7-4668-BE54-9A1E7A4F7556}") = "ConsoleUI", "ConsoleUI\ConsoleUI.csproj", "{FAC5EFA4-3F11-438D-9695-ED33262D5CF1}"
EndProject
Project("{FAE04EC0-301F-11D3-BF4B-00C04F79EFBC}") = "LinqInformation", "LinqInformation\LinqInformation.csproj", "{150176AC-8652-473E-8F7A-2747B585F2CF}"
EndProject
Global
	GlobalSection(SolutionConfigurationPlatforms) = preSolution
		Debug|Any CPU = Debug|Any CPU
		Release|Any CPU = Release|Any CPU
	EndGlobalSection
	GlobalSection(ProjectConfigurationPlatforms) = postSolution
		{943E0836-E040-447D-884A-8A4760918034}.Debug|Any CPU.ActiveCfg = Debug|Any CPU
		{943E0836-E040-447D-884A-8A4760918034}.Debug|Any CPU.Build.0 = Debug|Any CPU
		{943E0836-E040-447D-884A-8A4760918034}.Release|Any CPU.ActiveCfg = Release|Any CPU
		{943E0836-E040-447D-884A-8A4760918034}.Release|Any CPU.Build.0 = Release|Any CPU
		{F2A70070-8ECC-44E4-9B5B-3400E2306CFA}.Debug|Any CPU.ActiveCfg = Debug|Any CPU
		{F2A70070-8ECC-44E4-9B5B-3400E2306CFA}.Debug|Any CPU.Build.0 = Debug|Any CPU
		{F2A70070-8ECC-44E4-9B5B-3400E2306CFA}.Release|Any CPU.ActiveCfg = Release|Any CPU
		{F2A70070-8ECC-44E4-9B5B-3400E2306CFA}.Release|Any CPU.Build.0 = Release|Any CPU
		{BC6CFE53-0EF7-4D10-8A96-E0C3F7B0DBEA}.Debug|Any CPU.ActiveCfg = Debug|Any CPU
		{BC6CFE53-0EF7-4D10-8A96-E0C3F7B0DBEA}.Debug|Any CPU.Build.0 = Debug|Any CPU
		{BC6CFE53-0EF7-4D10-8A96-E0C3F7B0DBEA}.Release|Any CPU.ActiveCfg = Release|Any CPU
		{BC6CFE53-0EF7-4D10-8A96-E0C3F7B0DBEA}.Release|Any CPU.Build.0 = Release|Any CPU
		{FAC5EFA4-3F11-438D-9695-ED33262D5CF1}.Debug|Any CPU.ActiveCfg = Debug|Any CPU
		{FAC5EFA4-3F11-438D-9695-ED33262D5CF1}.Debug|Any CPU.Build.0 = Debug|Any CPU
		{FAC5EFA4-3F11-438D-9695-ED33262D5CF1}.Release|Any CPU.ActiveCfg = Release|Any CPU
		{FAC5EFA4-3F11-438D-9695-ED33262D5CF1}.Release|Any CPU.Build.0 = Release|Any CPU
		{150176AC-8652-473E-8F7A-2747B585F2CF}.Debug|Any CPU.ActiveCfg = Debug|Any CPU
		{150176AC-8652-473E-8F7A-2747B585F2CF}.Debug|Any CPU.Build.0 = Debug|Any CPU
		{150176AC-8652-473E-8F7A-2747B585F2CF}.Release|Any CPU.ActiveCfg = Release|Any CPU
		{150176AC-8652-473E-8F7A-2747B585F2CF}.Release|Any CPU.Build.0 = Release|Any CPU
	EndGlobalSection
	GlobalSection(SolutionProperties) = preSolution
		HideSolutionNode = FALSE
	EndGlobalSection
	GlobalSection(ExtensibilityGlobals) = postSolution
		SolutionGuid = {26551506-24D5-4DAB-9DE8-096E6FB84DA8}
	EndGlobalSection
EndGlobal
